
Microsoft Visual Studio Solution File, Format Version 12.00
# Visual Studio Version 16
VisualStudioVersion = 16.0.31729.503
MinimumVisualStudioVersion = 10.0.40219.1
Project("{8BC9CEB8-8B4A-11D0-8D11-00A0C91BC942}") = "sdltut", "sdltut.vcxproj", "{B0D074B8-91DE-4F85-B086-27A343148FC4}"
EndProject
Global
	GlobalSection(SolutionConfigurationPlatforms) = preSolution
		Debug|x64 = Debug|x64
		Debug|x86 = Debug|x86
		Release|x64 = Release|x64
		Release|x86 = Release|x86
	EndGlobalSection
	GlobalSection(ProjectConfigurationPlatforms) = postSolution
		{B0D074B8-91DE-4F85-B086-27A343148FC4}.Debug|x64.ActiveCfg = Debug|x64
		{B0D074B8-91DE-4F85-B086-27A343148FC4}.Debug|x64.Build.0 = Debug|x64
		{B0D074B8-91DE-4F85-B086-27A343148FC4}.Debug|x86.ActiveCfg = Debug|Win32
		{B0D074B8-91DE-4F85-B086-27A343148FC4}.Debug|x86.Build.0 = Debug|Win32
		{B0D074B8-91DE-4F85-B086-27A343148FC4}.Release|x64.ActiveCfg = Release|x64
		{B0D074B8-91DE-4F85-B086-27A343148FC4}.Release|x64.Build.0 = Release|x64
		{B0D074B8-91DE-4F85-B086-27A343148FC4}.Release|x86.ActiveCfg = Release|Win32
		{B0D074B8-91DE-4F85-B086-27A343148FC4}.Release|x86.Build.0 = Release|Win32
	EndGlobalSection
	GlobalSection(SolutionProperties) = preSolution
		HideSolutionNode = FALSE
	EndGlobalSection
	GlobalSection(ExtensibilityGlobals) = postSolution
		SolutionGuid = {D46A26A0-FEA1-4354-8FD8-F15C5CA5B368}
	EndGlobalSection
EndGlobal
